%{
  "bunch": {:hex, :bunch, "1.6.1", "5393d827a64d5f846092703441ea50e65bc09f37fd8e320878f13e63d410aec7", [:mix], [], "hexpm", "286cc3add551628b30605efbe2fca4e38cc1bea89bcd0a1a7226920b3364fe4a"},
  "bunch_native": {:hex, :bunch_native, "0.5.0", "8ac1536789a597599c10b652e0b526d8833348c19e4739a0759a2bedfd924e63", [:mix], [{:bundlex, "~> 1.0", [hex: :bundlex, repo: "hexpm", optional: false]}], "hexpm", "24190c760e32b23b36edeb2dc4852515c7c5b3b8675b1a864e0715bdd1c8f80d"},
  "bundlex": {:hex, :bundlex, "1.5.5", "6cf8f47051d376c3b1cd24c4acd763d1c541cd7ef120925ef78ee9e73beff767", [:mix], [{:bunch, "~> 1.0", [hex: :bunch, repo: "hexpm", optional: false]}, {:elixir_uuid, "~> 1.2", [hex: :elixir_uuid, repo: "hexpm", optional: false]}, {:qex, "~> 0.5", [hex: :qex, repo: "hexpm", optional: false]}, {:req, ">= 0.4.0", [hex: :req, repo: "hexpm", optional: false]}, {:zarex, "~> 1.0", [hex: :zarex, repo: "hexpm", optional: false]}], "hexpm", "3354c95ed170190f232c1513c0212c906fc987cc24e4755134b8b5621cb5d309"},
  "crc": {:hex, :crc, "0.10.6", "a52243715da06265399ade929b12e6807a82ddbd04231d8bd3069480aa890f01", [:mix, :rebar3], [{:elixir_make, "~> 0.6", [hex: :elixir_make, repo: "hexpm", optional: false]}], "hexpm", "9e832833d48a5fff03cb7488f8aa5c08adda0a5fa8188bbe124cb17c4e39a00d"},
  "elixir_make": {:hex, :elixir_make, "0.9.0", "6484b3cd8c0cee58f09f05ecaf1a140a8c97670671a6a0e7ab4dc326c3109726", [:mix], [], "hexpm", "db23d4fd8b757462ad02f8aa73431a426fe6671c80b200d9710caf3d1dd0ffdb"},
  "elixir_uuid": {:hex, :elixir_uuid, "1.2.1", "dce506597acb7e6b0daeaff52ff6a9043f5919a4c3315abb4143f0b00378c097", [:mix], [], "hexpm", "f7eba2ea6c3555cea09706492716b0d87397b88946e6380898c2889d68585752"},
  "ex_dtls": {:hex, :ex_dtls, "0.17.0", "dbe1d494583a307c26148cb5ea5d7c14e65daa8ec96cc73002cc3313ce4b9a81", [:mix], [{:bundlex, "~> 1.5.3", [hex: :bundlex, repo: "hexpm", optional: false]}, {:unifex, "~> 1.0", [hex: :unifex, repo: "hexpm", optional: false]}], "hexpm", "3eaa7221ec08fa9e4bc9430e426cbd5eb4feb8d8f450b203cf39b2114a94d713"},
  "ex_ice": {:hex, :ex_ice, "0.14.0", "a2f63d7afee478b7c462164e831647389bd2cfec68333a029e1b5c23c962dec2", [:mix], [{:elixir_uuid, "~> 1.0", [hex: :elixir_uuid, repo: "hexpm", optional: false]}, {:ex_stun, "~> 0.2.0", [hex: :ex_stun, repo: "hexpm", optional: false]}, {:ex_turn, "~> 0.2.0", [hex: :ex_turn, repo: "hexpm", optional: false]}], "hexpm", "53aeef4dc79f7a4c33fcb9405cbe68139d9eb1119f1dde622f0c2e505969f23f"},
  "ex_libsrtp": {:hex, :ex_libsrtp, "0.7.3", "f0a0dcb6c6518986c61a01ff47e99d71ff6eeef8108a207d92e3ab8a3687b435", [:mix], [{:bunch, "~> 1.6", [hex: :bunch, repo: "hexpm", optional: false]}, {:bundlex, "~> 1.3", [hex: :bundlex, repo: "hexpm", optional: false]}, {:membrane_precompiled_dependency_provider, "~> 0.2.1", [hex: :membrane_precompiled_dependency_provider, repo: "hexpm", optional: false]}, {:unifex, "~> 1.1", [hex: :unifex, repo: "hexpm", optional: false]}], "hexpm", "0964a9ad35f4aa871a472fa827cfef8dcd3cbf22c912a32bc7b19a8769fbc744"},
  "ex_rtcp": {:hex, :ex_rtcp, "0.4.1", "e0f0c0baf329de92059e2afdc34d66d61f8b983f0801daa10f1a712360919e45", [:mix], [], "hexpm", "83ab3dffcffc6149eb404f1e1b1b62f755efd54c818e27c2c88e6ba3341c5d41"},
  "ex_rtp": {:hex, :ex_rtp, "0.4.0", "1f1b5c1440a904706011e3afbb41741f5da309ce251cb986690ce9fd82636658", [:mix], [], "hexpm", "0f72d80d5953a62057270040f0f1ee6f955c08eeae82ac659c038001d7d5a790"},
  "ex_sdp": {:hex, :ex_sdp, "1.1.3", "e2c45ebc44551261cf1a9b3f46ad2ed470fce5aa342b656193df8996e5cf9994", [:mix], [{:bunch, "~> 1.3", [hex: :bunch, repo: "hexpm", optional: false]}, {:elixir_uuid, "~> 1.2", [hex: :elixir_uuid, repo: "hexpm", optional: false]}], "hexpm", "0ed765b9d519511186a9afa7e4123286744d838065b0974fe85bdd2f2cae1ef7"},
  "ex_stun": {:hex, :ex_stun, "0.2.0", "feb1fc7db0356406655b2a617805e6c712b93308c8ea2bf0ba1197b1f0866deb", [:mix], [], "hexpm", "1e01ba8290082ccbf37acaa5190d1f69b51edd6de2026a8d6d51368b29d115d0"},
  "ex_turn": {:hex, :ex_turn, "0.2.1", "a38d1083caa2b20f77297bb5625c9ee22c8d870c39aaece708fae95fb629c706", [:mix], [{:ex_stun, "~> 0.2.0", [hex: :ex_stun, repo: "hexpm", optional: false]}], "hexpm", "f8719c1baca765a53239b6fdcc4ba65a6a27a21c18e8d66b52ce9cd3f2b510ba"},
  "ex_webrtc": {:hex, :ex_webrtc, "0.14.0", "47d3d100fb2294ac82e06269335b702a3f5c5c55cae90444c38e7b78ed6ee79d", [:mix], [{:crc, "~> 0.10", [hex: :crc, repo: "hexpm", optional: false]}, {:ex_dtls, "~> 0.17.0", [hex: :ex_dtls, repo: "hexpm", optional: false]}, {:ex_ice, "~> 0.12.0", [hex: :ex_ice, repo: "hexpm", optional: false]}, {:ex_libsrtp, "~> 0.7.1", [hex: :ex_libsrtp, repo: "hexpm", optional: false]}, {:ex_rtcp, "~> 0.4.0", [hex: :ex_rtcp, repo: "hexpm", optional: false]}, {:ex_rtp, "~> 0.4.0", [hex: :ex_rtp, repo: "hexpm", optional: false]}, {:ex_sctp, "0.1.2", [hex: :ex_sctp, repo: "hexpm", optional: true]}, {:ex_sdp, "~> 1.0", [hex: :ex_sdp, repo: "hexpm", optional: false]}], "hexpm", "280d66c8fedefd78e1a38b734fb25e1fd7ddf4f2daa897ee5afd11aa20d311f8"},
  "finch": {:hex, :finch, "0.21.0", "b1c3b2d48af02d0c66d2a9ebfb5622be5c5ecd62937cf79a88a7f98d48a8290c", [:mix], [{:mime, "~> 1.0 or ~> 2.0", [hex: :mime, repo: "hexpm", optional: false]}, {:mint, "~> 1.6.2 or ~> 1.7", [hex: :mint, repo: "hexpm", optional: false]}, {:nimble_options, "~> 0.4 or ~> 1.0", [hex: :nimble_options, repo: "hexpm", optional: false]}, {:nimble_pool, "~> 1.1", [hex: :nimble_pool, repo: "hexpm", optional: false]}, {:telemetry, "~> 0.4 or ~> 1.0", [hex: :telemetry, repo: "hexpm", optional: false]}], "hexpm", "87dc6e169794cb2570f75841a19da99cfde834249568f2a5b121b809588a4377"},
  "hpax": {:hex, :hpax, "1.0.3", "ed67ef51ad4df91e75cc6a1494f851850c0bd98ebc0be6e81b026e765ee535aa", [:mix], [], "hexpm", "8eab6e1cfa8d5918c2ce4ba43588e894af35dbd8e91e6e55c817bca5847df34a"},
  "jason": {:hex, :jason, "1.4.4", "b9226785a9aa77b6857ca22832cffa5d5011a667207eb2a0ad56adb5db443b8a", [:mix], [{:decimal, "~> 1.0 or ~> 2.0", [hex: :decimal, repo: "hexpm", optional: true]}], "hexpm", "c5eb0cab91f094599f94d55bc63409236a8ec69a21a67814529e8d5f6cc90b3b"},
  "membrane_precompiled_dependency_provider": {:hex, :membrane_precompiled_dependency_provider, "0.2.2", "0fbff1eb651619ce95abd7f9d19dd636ce460adc01bea36a440c48d1a6572a95", [:mix], [{:bundlex, "~> 1.4", [hex: :bundlex, repo: "hexpm", optional: false]}], "hexpm", "60296232d613856d22494303b64487bfa141666544f2e83a97f1d2dd28c34453"},
  "mime": {:hex, :mime, "2.0.7", "b8d739037be7cd402aee1ba0306edfdef982687ee7e9859bee6198c1e7e2f128", [:mix], [], "hexpm", "6171188e399ee16023ffc5b76ce445eb6d9672e2e241d2df6050f3c771e80ccd"},
  "mint": {:hex, :mint, "1.7.1", "113fdb2b2f3b59e47c7955971854641c61f378549d73e829e1768de90fc1abf1", [:mix], [{:castore, "~> 0.1.0 or ~> 1.0", [hex: :castore, repo: "hexpm", optional: true]}, {:hpax, "~> 0.1.1 or ~> 0.2.0 or ~> 1.0", [hex: :hpax, repo: "hexpm", optional: false]}], "hexpm", "fceba0a4d0f24301ddee3024ae116df1c3f4bb7a563a731f45fdfeb9d39a231b"},
  "nimble_options": {:hex, :nimble_options, "1.1.1", "e3a492d54d85fc3fd7c5baf411d9d2852922f66e69476317787a7b2bb000a61b", [:mix], [], "hexpm", "821b2470ca9442c4b6984882fe9bb0389371b8ddec4d45a9504f00a66f650b44"},
  "nimble_pool": {:hex, :nimble_pool, "1.1.0", "bf9c29fbdcba3564a8b800d1eeb5a3c58f36e1e11d7b7fb2e084a643f645f06b", [:mix], [], "hexpm", "af2e4e6b34197db81f7aad230c1118eac993acc0dae6bc83bac0126d4ae0813a"},
  "qex": {:hex, :qex, "0.5.2", "a0c861a2de2380314c23ef592349824ca9016c5845380667ff1d9a22a8796f9b", [:mix], [], "hexpm", "6fb81bf3ae354a9abb471b9561538ea3e8540125d803b00f45cbccff52f00496"},
  "req": {:hex, :req, "0.5.17", "0096ddd5b0ed6f576a03dde4b158a0c727215b15d2795e59e0916c6971066ede", [:mix], [{:brotli, "~> 0.3.1", [hex: :brotli, repo: "hexpm", optional: true]}, {:ezstd, "~> 1.0", [hex: :ezstd, repo: "hexpm", optional: true]}, {:finch, "~> 0.17", [hex: :finch, repo: "hexpm", optional: false]}, {:jason, "~> 1.0", [hex: :jason, repo: "hexpm", optional: false]}, {:mime, "~> 2.0.6 or ~> 2.1", [hex: :mime, repo: "hexpm", optional: false]}, {:nimble_csv, "~> 1.0", [hex: :nimble_csv, repo: "hexpm", optional: true]}, {:plug, "~> 1.0", [hex: :plug, repo: "hexpm", optional: true]}], "hexpm", "0b8bc6ffdfebbc07968e59d3ff96d52f2202d0536f10fef4dc11dc02a2a43e39"},
  "shmex": {:hex, :shmex, "0.5.1", "81dd209093416bf6608e66882cb7e676089307448a1afd4fc906c1f7e5b94cf4", [:mix], [{:bunch_native, "~> 0.5.0", [hex: :bunch_native, repo: "hexpm", optional: false]}, {:bundlex, "~> 1.0", [hex: :bundlex, repo: "hexpm", optional: false]}], "hexpm", "c29f8286891252f64c4e1dac40b217d960f7d58def597c4e606ff8fbe71ceb80"},
  "telemetry": {:hex, :telemetry, "1.4.1", "ab6de178e2b29b58e8256b92b382ea3f590a47152ca3651ea857a6cae05ac423", [:rebar3], [], "hexpm", "2172e05a27531d3d31dd9782841065c50dd5c3c7699d95266b2edd54c2dafa1c"},
  "unifex": {:hex, :unifex, "1.2.1", "6841c170a6e16509fac30b19e4e0a19937c33155a59088b50c15fc2c36251b6b", [:mix], [{:bunch, "~> 1.0", [hex: :bunch, repo: "hexpm", optional: false]}, {:bundlex, "~> 1.4", [hex: :bundlex, repo: "hexpm", optional: false]}, {:shmex, "~> 0.5.0", [hex: :shmex, repo: "hexpm", optional: false]}], "hexpm", "8c9d2e3c48df031e9995dd16865bab3df402c0295ba3a31f38274bb5314c7d37"},
  "zarex": {:hex, :zarex, "1.0.6", "f657ed1187e6e90472e24c92b1fd5bf3f846e74bd240bd77276c13f336a8d168", [:mix], [], "hexpm", "b628a9b0bc312f278af2c288078c31fd4757224b82d768e91bcf3bedbe3a50e7"},
}
